
Microsoft Visual Studio Solution File, Format Version 12.00
# Visual Studio 15
VisualStudioVersion = 15.0.28010.2003
MinimumVisualStudioVersion = 10.0.40219.1
Project("{8BC9CEB8-8B4A-11D0-8D11-00A0C91BC942}") = "test23", "test23\test23.vcxproj", "{D2DD6BC3-E52E-47D5-A215-E393029E6F0E}"
EndProject
Project("{8BC9CEB8-8B4A-11D0-8D11-00A0C91BC942}") = "test 25", "test 25\test 25.vcxproj", "{3C8F65BB-FAFE-4AE2-89D3-C5B9439395B1}"
EndProject
Global
	GlobalSection(SolutionConfigurationPlatforms) = preSolution
		Debug|x64 = Debug|x64
		Debug|x86 = Debug|x86
		Release|x64 = Release|x64
		Release|x86 = Release|x86
	EndGlobalSection
	GlobalSection(ProjectConfigurationPlatforms) = postSolution
		{D2DD6BC3-E52E-47D5-A215-E393029E6F0E}.Debug|x64.ActiveCfg = Debug|x64
		{D2DD6BC3-E52E-47D5-A215-E393029E6F0E}.Debug|x64.Build.0 = Debug|x64
		{D2DD6BC3-E52E-47D5-A215-E393029E6F0E}.Debug|x86.ActiveCfg = Debug|Win32
		{D2DD6BC3-E52E-47D5-A215-E393029E6F0E}.Debug|x86.Build.0 = Debug|Win32
		{D2DD6BC3-E52E-47D5-A215-E393029E6F0E}.Release|x64.ActiveCfg = Release|x64
		{D2DD6BC3-E52E-47D5-A215-E393029E6F0E}.Release|x64.Build.0 = Release|x64
		{D2DD6BC3-E52E-47D5-A215-E393029E6F0E}.Release|x86.ActiveCfg = Release|Win32
		{D2DD6BC3-E52E-47D5-A215-E393029E6F0E}.Release|x86.Build.0 = Release|Win32
		{3C8F65BB-FAFE-4AE2-89D3-C5B9439395B1}.Debug|x64.ActiveCfg = Debug|x64
		{3C8F65BB-FAFE-4AE2-89D3-C5B9439395B1}.Debug|x64.Build.0 = Debug|x64
		{3C8F65BB-FAFE-4AE2-89D3-C5B9439395B1}.Debug|x86.ActiveCfg = Debug|Win32
		{3C8F65BB-FAFE-4AE2-89D3-C5B9439395B1}.Debug|x86.Build.0 = Debug|Win32
		{3C8F65BB-FAFE-4AE2-89D3-C5B9439395B1}.Release|x64.ActiveCfg = Release|x64
		{3C8F65BB-FAFE-4AE2-89D3-C5B9439395B1}.Release|x64.Build.0 = Release|x64
		{3C8F65BB-FAFE-4AE2-89D3-C5B9439395B1}.Release|x86.ActiveCfg = Release|Win32
		{3C8F65BB-FAFE-4AE2-89D3-C5B9439395B1}.Release|x86.Build.0 = Release|Win32
	EndGlobalSection
	GlobalSection(SolutionProperties) = preSolution
		HideSolutionNode = FALSE
	EndGlobalSection
	GlobalSection(ExtensibilityGlobals) = postSolution
		SolutionGuid = {755D0B15-25E1-4946-B917-D0AE2EF3250A}
	EndGlobalSection
EndGlobal
