
Microsoft Visual Studio Solution File, Format Version 12.00
# Visual Studio 15
VisualStudioVersion = 15.0.28010.2003
MinimumVisualStudioVersion = 10.0.40219.1
Project("{8BC9CEB8-8B4A-11D0-8D11-00A0C91BC942}") = "test7  for", "test7  for\test7  for.vcxproj", "{00831FB1-3DCA-40AF-B3BB-DF60DC84BFFA}"
EndProject
Global
	GlobalSection(SolutionConfigurationPlatforms) = preSolution
		Debug|x64 = Debug|x64
		Debug|x86 = Debug|x86
		Release|x64 = Release|x64
		Release|x86 = Release|x86
	EndGlobalSection
	GlobalSection(ProjectConfigurationPlatforms) = postSolution
		{00831FB1-3DCA-40AF-B3BB-DF60DC84BFFA}.Debug|x64.ActiveCfg = Debug|x64
		{00831FB1-3DCA-40AF-B3BB-DF60DC84BFFA}.Debug|x64.Build.0 = Debug|x64
		{00831FB1-3DCA-40AF-B3BB-DF60DC84BFFA}.Debug|x86.ActiveCfg = Debug|Win32
		{00831FB1-3DCA-40AF-B3BB-DF60DC84BFFA}.Debug|x86.Build.0 = Debug|Win32
		{00831FB1-3DCA-40AF-B3BB-DF60DC84BFFA}.Release|x64.ActiveCfg = Release|x64
		{00831FB1-3DCA-40AF-B3BB-DF60DC84BFFA}.Release|x64.Build.0 = Release|x64
		{00831FB1-3DCA-40AF-B3BB-DF60DC84BFFA}.Release|x86.ActiveCfg = Release|Win32
		{00831FB1-3DCA-40AF-B3BB-DF60DC84BFFA}.Release|x86.Build.0 = Release|Win32
	EndGlobalSection
	GlobalSection(SolutionProperties) = preSolution
		HideSolutionNode = FALSE
	EndGlobalSection
	GlobalSection(ExtensibilityGlobals) = postSolution
		SolutionGuid = {432FECD8-78FE-44D2-9433-BD79B942CD57}
	EndGlobalSection
EndGlobal
